
Microsoft Visual Studio Solution File, Format Version 12.00
# Visual Studio Version 16
VisualStudioVersion = 16.0.30011.22
MinimumVisualStudioVersion = 10.0.40219.1
Project("{9A19103F-16F7-4668-BE54-9A1E7A4F7556}") = "NetCore.Exception", "NetCore.Exception.csproj", "{24CB0227-154D-4C20-BB28-3F370D6D70EA}"
EndProject
Project("{FAE04EC0-301F-11D3-BF4B-00C04F79EFBC}") = "NetCore.EntityFramework", "..\NetCore-EntityFramework\NetCore-EntityFramework\NetCore.EntityFramework.csproj", "{250346BF-BD46-4F34-8CC0-880433B77DC5}"
EndProject
Global
	GlobalSection(SolutionConfigurationPlatforms) = preSolution
		Debug|Any CPU = Debug|Any CPU
		Release|Any CPU = Release|Any CPU
	EndGlobalSection
	GlobalSection(ProjectConfigurationPlatforms) = postSolution
		{24CB0227-154D-4C20-BB28-3F370D6D70EA}.Debug|Any CPU.ActiveCfg = Debug|Any CPU
		{24CB0227-154D-4C20-BB28-3F370D6D70EA}.Debug|Any CPU.Build.0 = Debug|Any CPU
		{24CB0227-154D-4C20-BB28-3F370D6D70EA}.Release|Any CPU.ActiveCfg = Release|Any CPU
		{24CB0227-154D-4C20-BB28-3F370D6D70EA}.Release|Any CPU.Build.0 = Release|Any CPU
		{250346BF-BD46-4F34-8CC0-880433B77DC5}.Debug|Any CPU.ActiveCfg = Debug|Any CPU
		{250346BF-BD46-4F34-8CC0-880433B77DC5}.Debug|Any CPU.Build.0 = Debug|Any CPU
		{250346BF-BD46-4F34-8CC0-880433B77DC5}.Release|Any CPU.ActiveCfg = Release|Any CPU
		{250346BF-BD46-4F34-8CC0-880433B77DC5}.Release|Any CPU.Build.0 = Release|Any CPU
	EndGlobalSection
	GlobalSection(SolutionProperties) = preSolution
		HideSolutionNode = FALSE
	EndGlobalSection
	GlobalSection(ExtensibilityGlobals) = postSolution
		SolutionGuid = {27138EF8-29B8-49B7-82E4-CAC66D688249}
	EndGlobalSection
EndGlobal
